
Microsoft Visual Studio Solution File, Format Version 12.00
# Visual Studio Version 17
VisualStudioVersion = 17.4.33213.308
MinimumVisualStudioVersion = 10.0.40219.1
Project("{9A19103F-16F7-4668-BE54-9A1E7A4F7556}") = "EShop.Data", "Data\EShop.Data\EShop.Data.csproj", "{0A8C34EC-E7DD-4E09-BAC2-FC3397E73E7E}"
EndProject
Project("{2150E333-8FDC-42A3-9474-1A3956D46DE8}") = "Data", "Data", "{70208637-0559-47E5-82B1-30ABD73F5780}"
EndProject
Project("{2150E333-8FDC-42A3-9474-1A3956D46DE8}") = "Web", "Web", "{E9F844B5-1188-4523-B458-46CDC31DA4EC}"
EndProject
Project("{2150E333-8FDC-42A3-9474-1A3956D46DE8}") = "Models", "Models", "{6498DC6D-CCED-4476-AD45-69FD46CF82F9}"
EndProject
Project("{2150E333-8FDC-42A3-9474-1A3956D46DE8}") = "Services", "Services", "{261F82EC-4D75-4AC6-AC59-80133C1A356D}"
EndProject
Project("{2150E333-8FDC-42A3-9474-1A3956D46DE8}") = "Test", "Test", "{0FCAD5DA-71E4-4DB2-953B-11734205A8E2}"
EndProject
Project("{9A19103F-16F7-4668-BE54-9A1E7A4F7556}") = "EShop.Data.Common", "Data\EShop.Data.Common\EShop.Data.Common.csproj", "{FEA15371-9FD9-43CC-A587-3AC47DCA04E0}"
EndProject
Project("{9A19103F-16F7-4668-BE54-9A1E7A4F7556}") = "EShop.Data.Models", "Data\EShop.Data.Models\EShop.Data.Models.csproj", "{5FD89DB0-8885-4C1C-AE98-F2905AEFABB4}"
EndProject
Project("{9A19103F-16F7-4668-BE54-9A1E7A4F7556}") = "EShop.Models.Common", "Models\EShop.Models.Common\EShop.Models.Common.csproj", "{FC179BBE-C850-4D49-A90F-9FEA644DF969}"
EndProject
Project("{9A19103F-16F7-4668-BE54-9A1E7A4F7556}") = "EShop.Models.ServiceModels", "Models\EShop.Models.ServiceModels\EShop.Models.ServiceModels.csproj", "{16EC26F3-7600-4981-8CBC-B7C2C6C47A19}"
EndProject
Project("{9A19103F-16F7-4668-BE54-9A1E7A4F7556}") = "EShop.Services", "Services\EShop.Services\EShop.Services.csproj", "{082C5C8D-FF91-4FA0-84EF-092371DA9D97}"
EndProject
Project("{9A19103F-16F7-4668-BE54-9A1E7A4F7556}") = "EShop.Services.Providers", "Services\EShop.Services.Providers\EShop.Services.Providers.csproj", "{B29481EB-BE3A-4019-A8EC-2EF13E89D04A}"
EndProject
Project("{9A19103F-16F7-4668-BE54-9A1E7A4F7556}") = "EShop.Web.Infrastructure", "Web\EShop.Web.Infrastructure\EShop.Web.Infrastructure.csproj", "{E17EC47F-DCB4-4005-8CAF-60EE0104FC6F}"
EndProject
Project("{9A19103F-16F7-4668-BE54-9A1E7A4F7556}") = "EShop.Common", "EShop.Common\EShop.Common.csproj", "{E1498BBD-056F-4C8E-A9CE-75D32556AFC1}"
EndProject
Project("{9A19103F-16F7-4668-BE54-9A1E7A4F7556}") = "EShop.Models.ViewModels", "Models\EShop.Models.ViewModels\EShop.Models.ViewModels.csproj", "{00ED50A2-A557-4BC1-AD6A-355D348C0B63}"
EndProject
Project("{9A19103F-16F7-4668-BE54-9A1E7A4F7556}") = "EShop.Web", "Web\EShop.Web\EShop.Web.csproj", "{1403CD18-CB1A-4FB4-9FF1-E6FC5DF2E5CC}"
EndProject
Project("{FAE04EC0-301F-11D3-BF4B-00C04F79EFBC}") = "SandBox", "Test\SandBox\SandBox.csproj", "{2D7C205D-1954-4E68-9746-49B0EC8486F6}"
EndProject
Global
	GlobalSection(SolutionConfigurationPlatforms) = preSolution
		Debug|Any CPU = Debug|Any CPU
		Release|Any CPU = Release|Any CPU
	EndGlobalSection
	GlobalSection(ProjectConfigurationPlatforms) = postSolution
		{0A8C34EC-E7DD-4E09-BAC2-FC3397E73E7E}.Debug|Any CPU.ActiveCfg = Debug|Any CPU
		{0A8C34EC-E7DD-4E09-BAC2-FC3397E73E7E}.Debug|Any CPU.Build.0 = Debug|Any CPU
		{0A8C34EC-E7DD-4E09-BAC2-FC3397E73E7E}.Release|Any CPU.ActiveCfg = Release|Any CPU
		{0A8C34EC-E7DD-4E09-BAC2-FC3397E73E7E}.Release|Any CPU.Build.0 = Release|Any CPU
		{FEA15371-9FD9-43CC-A587-3AC47DCA04E0}.Debug|Any CPU.ActiveCfg = Debug|Any CPU
		{FEA15371-9FD9-43CC-A587-3AC47DCA04E0}.Debug|Any CPU.Build.0 = Debug|Any CPU
		{FEA15371-9FD9-43CC-A587-3AC47DCA04E0}.Release|Any CPU.ActiveCfg = Release|Any CPU
		{FEA15371-9FD9-43CC-A587-3AC47DCA04E0}.Release|Any CPU.Build.0 = Release|Any CPU
		{5FD89DB0-8885-4C1C-AE98-F2905AEFABB4}.Debug|Any CPU.ActiveCfg = Debug|Any CPU
		{5FD89DB0-8885-4C1C-AE98-F2905AEFABB4}.Debug|Any CPU.Build.0 = Debug|Any CPU
		{5FD89DB0-8885-4C1C-AE98-F2905AEFABB4}.Release|Any CPU.ActiveCfg = Release|Any CPU
		{5FD89DB0-8885-4C1C-AE98-F2905AEFABB4}.Release|Any CPU.Build.0 = Release|Any CPU
		{FC179BBE-C850-4D49-A90F-9FEA644DF969}.Debug|Any CPU.ActiveCfg = Debug|Any CPU
		{FC179BBE-C850-4D49-A90F-9FEA644DF969}.Debug|Any CPU.Build.0 = Debug|Any CPU
		{FC179BBE-C850-4D49-A90F-9FEA644DF969}.Release|Any CPU.ActiveCfg = Release|Any CPU
		{FC179BBE-C850-4D49-A90F-9FEA644DF969}.Release|Any CPU.Build.0 = Release|Any CPU
		{16EC26F3-7600-4981-8CBC-B7C2C6C47A19}.Debug|Any CPU.ActiveCfg = Debug|Any CPU
		{16EC26F3-7600-4981-8CBC-B7C2C6C47A19}.Debug|Any CPU.Build.0 = Debug|Any CPU
		{16EC26F3-7600-4981-8CBC-B7C2C6C47A19}.Release|Any CPU.ActiveCfg = Release|Any CPU
		{16EC26F3-7600-4981-8CBC-B7C2C6C47A19}.Release|Any CPU.Build.0 = Release|Any CPU
		{082C5C8D-FF91-4FA0-84EF-092371DA9D97}.Debug|Any CPU.ActiveCfg = Debug|Any CPU
		{082C5C8D-FF91-4FA0-84EF-092371DA9D97}.Debug|Any CPU.Build.0 = Debug|Any CPU
		{082C5C8D-FF91-4FA0-84EF-092371DA9D97}.Release|Any CPU.ActiveCfg = Release|Any CPU
		{082C5C8D-FF91-4FA0-84EF-092371DA9D97}.Release|Any CPU.Build.0 = Release|Any CPU
		{B29481EB-BE3A-4019-A8EC-2EF13E89D04A}.Debug|Any CPU.ActiveCfg = Debug|Any CPU
		{B29481EB-BE3A-4019-A8EC-2EF13E89D04A}.Debug|Any CPU.Build.0 = Debug|Any CPU
		{B29481EB-BE3A-4019-A8EC-2EF13E89D04A}.Release|Any CPU.ActiveCfg = Release|Any CPU
		{B29481EB-BE3A-4019-A8EC-2EF13E89D04A}.Release|Any CPU.Build.0 = Release|Any CPU
		{E17EC47F-DCB4-4005-8CAF-60EE0104FC6F}.Debug|Any CPU.ActiveCfg = Debug|Any CPU
		{E17EC47F-DCB4-4005-8CAF-60EE0104FC6F}.Debug|Any CPU.Build.0 = Debug|Any CPU
		{E17EC47F-DCB4-4005-8CAF-60EE0104FC6F}.Release|Any CPU.ActiveCfg = Release|Any CPU
		{E17EC47F-DCB4-4005-8CAF-60EE0104FC6F}.Release|Any CPU.Build.0 = Release|Any CPU
		{E1498BBD-056F-4C8E-A9CE-75D32556AFC1}.Debug|Any CPU.ActiveCfg = Debug|Any CPU
		{E1498BBD-056F-4C8E-A9CE-75D32556AFC1}.Debug|Any CPU.Build.0 = Debug|Any CPU
		{E1498BBD-056F-4C8E-A9CE-75D32556AFC1}.Release|Any CPU.ActiveCfg = Release|Any CPU
		{E1498BBD-056F-4C8E-A9CE-75D32556AFC1}.Release|Any CPU.Build.0 = Release|Any CPU
		{00ED50A2-A557-4BC1-AD6A-355D348C0B63}.Debug|Any CPU.ActiveCfg = Debug|Any CPU
		{00ED50A2-A557-4BC1-AD6A-355D348C0B63}.Debug|Any CPU.Build.0 = Debug|Any CPU
		{00ED50A2-A557-4BC1-AD6A-355D348C0B63}.Release|Any CPU.ActiveCfg = Release|Any CPU
		{00ED50A2-A557-4BC1-AD6A-355D348C0B63}.Release|Any CPU.Build.0 = Release|Any CPU
		{1403CD18-CB1A-4FB4-9FF1-E6FC5DF2E5CC}.Debug|Any CPU.ActiveCfg = Debug|Any CPU
		{1403CD18-CB1A-4FB4-9FF1-E6FC5DF2E5CC}.Debug|Any CPU.Build.0 = Debug|Any CPU
		{1403CD18-CB1A-4FB4-9FF1-E6FC5DF2E5CC}.Release|Any CPU.ActiveCfg = Release|Any CPU
		{1403CD18-CB1A-4FB4-9FF1-E6FC5DF2E5CC}.Release|Any CPU.Build.0 = Release|Any CPU
		{2D7C205D-1954-4E68-9746-49B0EC8486F6}.Debug|Any CPU.ActiveCfg = Debug|Any CPU
		{2D7C205D-1954-4E68-9746-49B0EC8486F6}.Debug|Any CPU.Build.0 = Debug|Any CPU
		{2D7C205D-1954-4E68-9746-49B0EC8486F6}.Release|Any CPU.ActiveCfg = Release|Any CPU
		{2D7C205D-1954-4E68-9746-49B0EC8486F6}.Release|Any CPU.Build.0 = Release|Any CPU
	EndGlobalSection
	GlobalSection(SolutionProperties) = preSolution
		HideSolutionNode = FALSE
	EndGlobalSection
	GlobalSection(NestedProjects) = preSolution
		{0A8C34EC-E7DD-4E09-BAC2-FC3397E73E7E} = {70208637-0559-47E5-82B1-30ABD73F5780}
		{FEA15371-9FD9-43CC-A587-3AC47DCA04E0} = {70208637-0559-47E5-82B1-30ABD73F5780}
		{5FD89DB0-8885-4C1C-AE98-F2905AEFABB4} = {70208637-0559-47E5-82B1-30ABD73F5780}
		{FC179BBE-C850-4D49-A90F-9FEA644DF969} = {6498DC6D-CCED-4476-AD45-69FD46CF82F9}
		{16EC26F3-7600-4981-8CBC-B7C2C6C47A19} = {6498DC6D-CCED-4476-AD45-69FD46CF82F9}
		{082C5C8D-FF91-4FA0-84EF-092371DA9D97} = {261F82EC-4D75-4AC6-AC59-80133C1A356D}
		{B29481EB-BE3A-4019-A8EC-2EF13E89D04A} = {261F82EC-4D75-4AC6-AC59-80133C1A356D}
		{E17EC47F-DCB4-4005-8CAF-60EE0104FC6F} = {E9F844B5-1188-4523-B458-46CDC31DA4EC}
		{00ED50A2-A557-4BC1-AD6A-355D348C0B63} = {6498DC6D-CCED-4476-AD45-69FD46CF82F9}
		{1403CD18-CB1A-4FB4-9FF1-E6FC5DF2E5CC} = {E9F844B5-1188-4523-B458-46CDC31DA4EC}
		{2D7C205D-1954-4E68-9746-49B0EC8486F6} = {0FCAD5DA-71E4-4DB2-953B-11734205A8E2}
	EndGlobalSection
	GlobalSection(ExtensibilityGlobals) = postSolution
		SolutionGuid = {0B6DA53D-F4A2-433B-B8D1-8FCEF51E7A80}
	EndGlobalSection
EndGlobal
